
Microsoft Visual Studio Solution File, Format Version 12.00
# Visual Studio Version 17
VisualStudioVersion = 17.5.33627.172
MinimumVisualStudioVersion = 10.0.40219.1
Project("{FAE04EC0-301F-11D3-BF4B-00C04F79EFBC}") = "compression-dictionary", "compression-dictionary\compression-dictionary.csproj", "{45EFC3F3-71DE-4215-A280-C3187E57059E}"
EndProject
Global
	GlobalSection(SolutionConfigurationPlatforms) = preSolution
		Debug|Any CPU = Debug|Any CPU
		Release|Any CPU = Release|Any CPU
	EndGlobalSection
	GlobalSection(ProjectConfigurationPlatforms) = postSolution
		{45EFC3F3-71DE-4215-A280-C3187E57059E}.Debug|Any CPU.ActiveCfg = Debug|Any CPU
		{45EFC3F3-71DE-4215-A280-C3187E57059E}.Debug|Any CPU.Build.0 = Debug|Any CPU
		{45EFC3F3-71DE-4215-A280-C3187E57059E}.Release|Any CPU.ActiveCfg = Release|Any CPU
		{45EFC3F3-71DE-4215-A280-C3187E57059E}.Release|Any CPU.Build.0 = Release|Any CPU
	EndGlobalSection
	GlobalSection(SolutionProperties) = preSolution
		HideSolutionNode = FALSE
	EndGlobalSection
	GlobalSection(ExtensibilityGlobals) = postSolution
		SolutionGuid = {099C84E9-CBDE-4BAE-A370-BE2F2D8AE6BF}
	EndGlobalSection
EndGlobal
